{
  "name": "taskana-workplace-lib",
  "version": "0.0.1",
  "lockfileVersion": 1,
  "requires": true,
  "dependencies": {
    "@stencil/angular-output-target": {
      "version": "0.0.5",
      "resolved": "https://registry.npmjs.org/@stencil/angular-output-target/-/angular-output-target-0.0.5.tgz",
      "integrity": "sha512-00iVf0pMH5NrVc/dUDy6AOEYEwTZ816bXggzNf4gxbhLpX1RAsC+MjC0gs/sJS2gal4gpE4cTVlPCGNy+mtFXg==",
      "dev": true
    },
    "@stencil/core": {
      "version": "2.3.0",
      "resolved": "https://registry.npmjs.org/@stencil/core/-/core-2.3.0.tgz",
      "integrity": "sha512-VZ/Ox0E1kngcmHbJhHUufuLELi+xG3of3LuRI3X2AMWyE82JUVYlOEsQci/YBZWpfc9BS9I36R88prBew22oew=="
    }
  }
}
